
Microsoft Visual Studio Solution File, Format Version 12.00
# Visual Studio Version 17
VisualStudioVersion = 17.9.34728.123
MinimumVisualStudioVersion = 10.0.40219.1
Project("{E24C65DC-7377-472B-9ABA-BC803B73C61A}") = "AspNetWebFormProject", "AspNetWebFormProject\", "{D4154656-0031-4DD5-AE8E-E1645110669E}"
	ProjectSection(WebsiteProperties) = preProject
		TargetFrameworkMoniker = ".NETFramework,Version%3Dv4.7.2"
		Debug.AspNetCompiler.VirtualPath = "/localhost_57635"
		Debug.AspNetCompiler.PhysicalPath = "AspNetWebFormProject\"
		Debug.AspNetCompiler.TargetPath = "PrecompiledWeb\localhost_57635\"
		Debug.AspNetCompiler.Updateable = "true"
		Debug.AspNetCompiler.ForceOverwrite = "true"
		Debug.AspNetCompiler.FixedNames = "false"
		Debug.AspNetCompiler.Debug = "True"
		Release.AspNetCompiler.VirtualPath = "/localhost_57635"
		Release.AspNetCompiler.PhysicalPath = "AspNetWebFormProject\"
		Release.AspNetCompiler.TargetPath = "PrecompiledWeb\localhost_57635\"
		Release.AspNetCompiler.Updateable = "true"
		Release.AspNetCompiler.ForceOverwrite = "true"
		Release.AspNetCompiler.FixedNames = "false"
		Release.AspNetCompiler.Debug = "False"
		VWDPort = "57635"
		SlnRelativePath = "AspNetWebFormProject\"
		DefaultWebSiteLanguage = "Visual C#"
	EndProjectSection
EndProject
Global
	GlobalSection(SolutionConfigurationPlatforms) = preSolution
		Debug|Any CPU = Debug|Any CPU
	EndGlobalSection
	GlobalSection(ProjectConfigurationPlatforms) = postSolution
		{D4154656-0031-4DD5-AE8E-E1645110669E}.Debug|Any CPU.ActiveCfg = Debug|Any CPU
		{D4154656-0031-4DD5-AE8E-E1645110669E}.Debug|Any CPU.Build.0 = Debug|Any CPU
	EndGlobalSection
	GlobalSection(SolutionProperties) = preSolution
		HideSolutionNode = FALSE
	EndGlobalSection
	GlobalSection(ExtensibilityGlobals) = postSolution
		SolutionGuid = {68124FB2-B3E9-4B6E-B7DC-10249A7A5630}
	EndGlobalSection
EndGlobal
